
Microsoft Visual Studio Solution File, Format Version 12.00
# Visual Studio 15
Project("{FAE04EC0-301F-11D3-BF4B-00C04F79EFBC}") = "Assembly-CSharp", "Assembly-CSharp.csproj", "{D0A01CF0-BDC9-5E99-03B3-072CAFE47031}"
EndProject
Project("{FAE04EC0-301F-11D3-BF4B-00C04F79EFBC}") = "Assembly-CSharp-Editor", "Assembly-CSharp-Editor.csproj", "{D640C3C5-1872-910A-C28B-AF6222A3CFC7}"
EndProject
Global
	GlobalSection(SolutionConfigurationPlatforms) = preSolution
		Debug|Any CPU = Debug|Any CPU
		Release|Any CPU = Release|Any CPU
	EndGlobalSection
	GlobalSection(ProjectConfigurationPlatforms) = postSolution
		{D0A01CF0-BDC9-5E99-03B3-072CAFE47031}.Debug|Any CPU.ActiveCfg = Debug|Any CPU
		{D0A01CF0-BDC9-5E99-03B3-072CAFE47031}.Debug|Any CPU.Build.0 = Debug|Any CPU
		{D0A01CF0-BDC9-5E99-03B3-072CAFE47031}.Release|Any CPU.ActiveCfg = Release|Any CPU
		{D0A01CF0-BDC9-5E99-03B3-072CAFE47031}.Release|Any CPU.Build.0 = Release|Any CPU
		{D640C3C5-1872-910A-C28B-AF6222A3CFC7}.Debug|Any CPU.ActiveCfg = Debug|Any CPU
		{D640C3C5-1872-910A-C28B-AF6222A3CFC7}.Debug|Any CPU.Build.0 = Debug|Any CPU
		{D640C3C5-1872-910A-C28B-AF6222A3CFC7}.Release|Any CPU.ActiveCfg = Release|Any CPU
		{D640C3C5-1872-910A-C28B-AF6222A3CFC7}.Release|Any CPU.Build.0 = Release|Any CPU
	EndGlobalSection
	GlobalSection(SolutionProperties) = preSolution
		HideSolutionNode = FALSE
	EndGlobalSection
EndGlobal
